{
  "object": {
    "pins": [
      {
        "package": "RxSwift",
        "repositoryURL": "https://github.com/lcg5450/RxSwift.git",
        "state": {
          "branch": null,
          "revision": "39a1766452d4b78ebb52caa327f29ebc918d23fd",
          "version": null
        }
      }
    ]
  },
  "version": 1
}
